{
    "_meta": {
        "hash": {
            "sha256": "a58d3a792972c99a73f2eb130dccf6ea810564251561876d051f8bcc2a52c7c8"
        },
        "pipfile-spec": 6,
        "requires": {
            "python_version": "3.6"
        },
        "sources": [
            {
                "name": "pypi",
                "url": "https://pypi.python.org/simple",
                "verify_ssl": true
            }
        ]
    },
    "default": {
        "absl-py": {
            "hashes": [
                "sha256:75e737d6ce7723d9ff9b7aa1ba3233c34be62ef18d5859e706b8fdc828989830"
            ],
            "version": "==0.9.0"
        },
        "aiogrpc": {
            "hashes": [
                "sha256:e091ace3fce6c0fa9610877ff5fdb3fab7a3a5612517c954ab52595fe851edf3",
                "sha256:fabf793bcf7f645be3c125b26f7443582861fa9428ac7cfc529efe02a7ddeb87"
            ],
            "index": "pypi",
            "version": "==1.5"
        },
        "astor": {
            "hashes": [
                "sha256:070a54e890cefb5b3739d19f30f5a5ec840ffc9c50ffa7d23cc9fc1a38ebbfc5",
                "sha256:6a6effda93f4e1ce9f618779b2dd1d9d84f1e32812c23a29b3fff6fd7f63fa5e"
            ],
            "version": "==0.8.1"
        },
        "gast": {
            "hashes": [
                "sha256:fe939df4583692f0512161ec1c880e0a10e71e6a232da045ab8edd3756fbadf0"
            ],
            "version": "==0.2.2"
        },
        "google-pasta": {
            "hashes": [
                "sha256:41bbe63bab92408452585ff2e1673ec1e35b88e163371cbed2a18510be4e8bc5",
                "sha256:644dcf3784cf7147ab01de5dc22e60a638d219d4e4a3a7464eb98997ae2fe66f",
                "sha256:713813a9f7d6589e5defdaf21e80e4392eb124662f8bd829acd51a4f8735c0cb"
            ],
            "version": "==0.1.8"
        },
        "grpcio": {
            "hashes": [
                "sha256:0feade5de967be3c9ee041662d1347fc537ad05ccbcf05bcf1efa05072bef926",
                "sha256:1ae02a9787cf2c5f25add0806f6271283b6074ab8619077d2b5c9037950c890b",
                "sha256:2d7215dca11ba4aa49cc6c05b37e4b0a0f99727c8604e8ccd5ef1f6e06332200",
                "sha256:35a4f6ffae88ce6a461e503ae91b62dc5c96013cafc717f2d7139686b5c39969",
                "sha256:3be7635b4308e06449b2275a5e96a030bbf82ba6797ae8947f14667491924d81",
                "sha256:3d1b3e7042a41b167334f718842f13deb80287886c9160efe31252602b13a128",
                "sha256:468d4ce007cb859d5f9440cf4a7461cc172fd07d690300f4db88afaa78f01003",
                "sha256:59a2fb52d286a38b9cbc7434eb473026fde0b20c223a10a99f5c3d4e395c2c2b",
                "sha256:59c7670c902acce952ba709d9126cda87a45d7fed6bd568868e74171e4acd7f7",
                "sha256:5b03fd3941c5e1a5deb01026bae025d319b38d3facb3e5fc491bca73e908d69e",
                "sha256:65842e698776f4e49f62346c0f80fc31b34907e0df4247650c643113ef167122",
                "sha256:68dbe71f890475e2824afbc5dc72714d1fca668bc15df0954bda4a8a5a53d0c7",
                "sha256:868973b64b7e2464e5297cc660da588c542c175e85f6d2f7490d86c0dd5dbb4c",
                "sha256:86f0c2062fde76789f7cdbf67d4ede116e7e1ceaf4c327fff7b9d17eb5852403",
                "sha256:9444863aaba55b662719e22680f11134182604619f241cc607020e5b3786f4cd",
                "sha256:9ac704e25d271af62c1ea72f1cb42ec7938f26f00314a8f324999ac5e1bf55eb",
                "sha256:a02ef0354fb455a9ce2ad869a40f28f20a64147d46557c59b7269a15832c36d2",
                "sha256:aabcdc960633231f9575252c061b480fc56a1ff6dcc7999fa5d4968f574d894f",
                "sha256:b47a19a3be2f9608b4296bd16374c9a922d3206cf0a917792801a5cef5a2fa23",
                "sha256:bf7bfe162057e6f1e3f4613b2a5f1157c8e286bddeaa40f7b8ce5054cb4b1413",
                "sha256:c3cf3f431b41c39aa1501458d0e46086e699836536af873fe028dda1dfc6bcbd",
                "sha256:cc7bd47eca988831d58a618908c825204d6ee8e90cdb9854a09b52a3b76ac168",
                "sha256:cde83440fb4691d1bd8620ea919a9bd3199e6725e72d2c0d94898a2774c255ee",
                "sha256:e1a03666852b956f7949c2a7f187dd54406cae2874c2ce26c1a0dafddf812cb2",
                "sha256:e322eb5dc533cfbf21a9e964ebab80da391a26234a82288bfce505058913dfac",
                "sha256:f0169d98670ef1db52e4f6930fd470c34731948350cabbe93087a8462b1f1da4",
                "sha256:f14faadfd09aa8526536cd2149e274563f45b767fca1736ccc53803a6af3f90e"
            ],
            "index": "pypi",
            "version": "==1.12.1"
        },
        "h5py": {
            "hashes": [
                "sha256:063947eaed5f271679ed4ffa36bb96f57bc14f44dd4336a827d9a02702e6ce6b",
                "sha256:13c87efa24768a5e24e360a40e0bc4c49bcb7ce1bb13a3a7f9902cec302ccd36",
                "sha256:16ead3c57141101e3296ebeed79c9c143c32bdd0e82a61a2fc67e8e6d493e9d1",
                "sha256:3dad1730b6470fad853ef56d755d06bb916ee68a3d8272b3bab0c1ddf83bb99e",
                "sha256:51ae56894c6c93159086ffa2c94b5b3388c0400548ab26555c143e7cfa05b8e5",
                "sha256:54817b696e87eb9e403e42643305f142cd8b940fe9b3b490bbf98c3b8a894cf4",
                "sha256:549ad124df27c056b2e255ea1c44d30fb7a17d17676d03096ad5cd85edb32dc1",
                "sha256:64f74da4a1dd0d2042e7d04cf8294e04ddad686f8eba9bb79e517ae582f6668d",
                "sha256:6998be619c695910cb0effe5eb15d3a511d3d1a5d217d4bd0bebad1151ec2262",
                "sha256:6ef7ab1089e3ef53ca099038f3c0a94d03e3560e6aff0e9d6c64c55fb13fc681",
                "sha256:769e141512b54dee14ec76ed354fcacfc7d97fea5a7646b709f7400cf1838630",
                "sha256:79b23f47c6524d61f899254f5cd5e486e19868f1823298bc0c29d345c2447172",
                "sha256:7be5754a159236e95bd196419485343e2b5875e806fe68919e087b6351f40a70",
                "sha256:84412798925dc870ffd7107f045d7659e60f5d46d1c70c700375248bf6bf512d",
                "sha256:86868dc07b9cc8cb7627372a2e6636cdc7a53b7e2854ad020c9e9d8a4d3fd0f5",
                "sha256:8bb1d2de101f39743f91512a9750fb6c351c032e5cd3204b4487383e34da7f75",
                "sha256:a5f82cd4938ff8761d9760af3274acf55afc3c91c649c50ab18fcff5510a14a5",
                "sha256:aac4b57097ac29089f179bbc2a6e14102dd210618e94d77ee4831c65f82f17c0",
                "sha256:bffbc48331b4a801d2f4b7dac8a72609f0b10e6e516e5c480a3e3241e091c878",
                "sha256:c0d4b04bbf96c47b6d360cd06939e72def512b20a18a8547fa4af810258355d5",
                "sha256:c54a2c0dd4957776ace7f95879d81582298c5daf89e77fb8bee7378f132951de",
                "sha256:cbf28ae4b5af0f05aa6e7551cee304f1d317dbed1eb7ac1d827cee2f1ef97a99",
                "sha256:d35f7a3a6cefec82bfdad2785e78359a0e6a5fbb3f605dd5623ce88082ccd681",
                "sha256:d3c59549f90a891691991c17f8e58c8544060fdf3ccdea267100fa5f561ff62f",
                "sha256:d7ae7a0576b06cb8e8a1c265a8bc4b73d05fdee6429bffc9a26a6eb531e79d72",
                "sha256:ecf4d0b56ee394a0984de15bceeb97cbe1fe485f1ac205121293fc44dcf3f31f",
                "sha256:f0e25bb91e7a02efccb50aba6591d3fe2c725479e34769802fcdd4076abfa917",
                "sha256:f23951a53d18398ef1344c186fb04b26163ca6ce449ebd23404b153fd111ded9",
                "sha256:ff7d241f866b718e4584fa95f520cb19405220c501bd3a53ee11871ba5166ea2"
            ],
            "version": "==2.10.0"
        },
        "keras-applications": {
            "hashes": [
                "sha256:5579f9a12bcde9748f4a12233925a59b93b73ae6947409ff34aa2ba258189fe5",
                "sha256:df4323692b8c1174af821bf906f1e442e63fa7589bf0f1230a0b6bdc5a810c95"
            ],
            "version": "==1.0.8"
        },
        "keras-preprocessing": {
            "hashes": [
                "sha256:44aee5f2c4d80c3b29f208359fcb336df80f293a0bb6b1c738da43ca206656fb",
                "sha256:5a8debe01d840de93d49e05ccf1c9b81ae30e210d34dacbcc47aeb3049b528e5"
            ],
            "version": "==1.1.0"
        },
        "markdown": {
            "hashes": [
                "sha256:2e50876bcdd74517e7b71f3e7a76102050edec255b3983403f1a63e7c8a41e7a",
                "sha256:56a46ac655704b91e5b7e6326ce43d5ef72411376588afa1dd90e881b83c7e8c"
            ],
            "version": "==3.1.1"
        },
        "numpy": {
            "hashes": [
                "sha256:1786a08236f2c92ae0e70423c45e1e62788ed33028f94ca99c4df03f5be6b3c6",
                "sha256:17aa7a81fe7599a10f2b7d95856dc5cf84a4eefa45bc96123cbbc3ebc568994e",
                "sha256:20b26aaa5b3da029942cdcce719b363dbe58696ad182aff0e5dcb1687ec946dc",
                "sha256:2d75908ab3ced4223ccba595b48e538afa5ecc37405923d1fea6906d7c3a50bc",
                "sha256:39d2c685af15d3ce682c99ce5925cc66efc824652e10990d2462dfe9b8918c6a",
                "sha256:56bc8ded6fcd9adea90f65377438f9fea8c05fcf7c5ba766bef258d0da1554aa",
                "sha256:590355aeade1a2eaba17617c19edccb7db8d78760175256e3cf94590a1a964f3",
                "sha256:70a840a26f4e61defa7bdf811d7498a284ced303dfbc35acb7be12a39b2aa121",
                "sha256:77c3bfe65d8560487052ad55c6998a04b654c2fbc36d546aef2b2e511e760971",
                "sha256:9537eecf179f566fd1c160a2e912ca0b8e02d773af0a7a1120ad4f7507cd0d26",
                "sha256:9acdf933c1fd263c513a2df3dceecea6f3ff4419d80bf238510976bf9bcb26cd",
                "sha256:ae0975f42ab1f28364dcda3dde3cf6c1ddab3e1d4b2909da0cb0191fa9ca0480",
                "sha256:b3af02ecc999c8003e538e60c89a2b37646b39b688d4e44d7373e11c2debabec",
                "sha256:b6ff59cee96b454516e47e7721098e6ceebef435e3e21ac2d6c3b8b02628eb77",
                "sha256:b765ed3930b92812aa698a455847141869ef755a87e099fddd4ccf9d81fffb57",
                "sha256:c98c5ffd7d41611407a1103ae11c8b634ad6a43606eca3e2a5a269e5d6e8eb07",
                "sha256:cf7eb6b1025d3e169989416b1adcd676624c2dbed9e3bcb7137f51bfc8cc2572",
                "sha256:d92350c22b150c1cae7ebb0ee8b5670cc84848f6359cf6b5d8f86617098a9b73",
                "sha256:e422c3152921cece8b6a2fb6b0b4d73b6579bd20ae075e7d15143e711f3ca2ca",
                "sha256:e840f552a509e3380b0f0ec977e8124d0dc34dc0e68289ca28f4d7c1d0d79474",
                "sha256:f3d0a94ad151870978fb93538e95411c83899c9dc63e6fb65542f769568ecfa5"
            ],
            "version": "==1.18.1"
        },
        "opt-einsum": {
            "hashes": [
                "sha256:edfada4b1d0b3b782ace8bc14e80618ff629abf53143e1e6bbf9bd00b11ece77"
            ],
            "version": "==3.1.0"
        },
        "protobuf": {
            "hashes": [
                "sha256:0329e86a397db2a83f9dcbe21d9be55a47f963cdabc893c3a24f4d3a8f117c37",
                "sha256:0a7219254afec0d488211f3d482d8ed57e80ae735394e584a98d8f30a8c88a36",
                "sha256:14d6ac53df9cb5bb87c4f91b677c1bc5cec9c0fd44327f367a3c9562de2877c4",
                "sha256:180fc364b42907a1d2afa183ccbeffafe659378c236b1ec3daca524950bb918d",
                "sha256:3d7a7d8d20b4e7a8f63f62de2d192cfd8b7a53c56caba7ece95367ca2b80c574",
                "sha256:3f509f7e50d806a434fe4a5fbf602516002a0f092889209fff7db82060efffc0",
                "sha256:4571da974019849201fc1ec6626b9cea54bd11b6bed140f8f737c0a33ea37de5",
                "sha256:56bd1d84fbf4505c7b73f04de987eef5682e5752c811141b0186a3809bfb396f",
                "sha256:680c668d00b5eff08b86aef9e5ba9a705e621ea05d39071cfea8e28cb2400946",
                "sha256:6b5b947dc8b3f2aec0eaad65b0b5113fcd642c358c31357c647da6281ee31104",
                "sha256:6e96dffaf4d0a9a329e528b353ba62fd9ef13599688723d96bc9c165d0b6871e",
                "sha256:919f0d6f6addc836d08658eba3b52be2e92fd3e76da3ce00c325d8e9826d17c7",
                "sha256:9c7b19c30cf0644afd0e4218b13f637ce54382fdcb1c8f75bf3e84e49a5f6d0a",
                "sha256:a2e6f57114933882ec701807f217df2fb4588d47f71f227c0a163446b930d507",
                "sha256:a6b970a2eccfcbabe1acf230fbf112face1c4700036c95e195f3554d7bcb04c1",
                "sha256:bc45641cbcdea068b67438244c926f9fd3e5cbdd824448a4a64370610df7c593",
                "sha256:d61b14a9090da77fe87e38ba4c6c43d3533dcbeb5d84f5474e7ac63c532dcc9c",
                "sha256:d6faf5dbefb593e127463f58076b62fcfe0784187be8fe1aa9167388f24a22a1"
            ],
            "version": "==3.11.2"
        },
        "six": {
            "hashes": [
                "sha256:236bdbdce46e6e6a3d61a337c0f8b763ca1e8717c03b369e87a7ec7ce1319c0a",
                "sha256:8f3cd2e254d8f793e7f3d6d9df77b92252b52637291d0f0da013c76ea2724b6c"
            ],
            "version": "==1.14.0"
        },
        "tensorboard": {
            "hashes": [
                "sha256:4cad2c65f6011e51609b463014c014fd7c6ddd9c1263af1d4f18dd97ed88c2bc",
                "sha256:612b789386aa1b2c4804e1961273b37f8e4dd97613f98bc90ff0402d24627f50"
            ],
            "version": "==1.15.0"
        },
        "tensorflow": {
            "hashes": [
                "sha256:05862fadc752da737e33f0110eafb7511149db043d4836edd68d3608b6c2f521",
                "sha256:34551b8cc446342dac8fdcf79e775e0841aeea38e927b73e2ecf4b2d01277264",
                "sha256:41932b9c080058ff204a1f8e3894c286c69255691c320330770dd8f6ee2cb3e2",
                "sha256:613072266dd60986b79e517f9e4a5f5d7c8495faeb439808db9a493ec3bebf96",
                "sha256:618a7cb1499b0c0d6398f342e9b8ac08497c3105c68942f344dc9bf67ae1f22d",
                "sha256:6b4c94168eb32a111b8510b2d4b1c5b6760bcabd6d56633025e5b99753d62bdf",
                "sha256:a82c2c498ebab190ec2a06aec8455d6f7c191dff5fdd5b5528b416f42b0291b9",
                "sha256:b6c57269009a641a74b3456ef7483e69143ed9762af321b0560db5a72cdcb01f",
                "sha256:ef20ebaf39383271cdd4599e7593d01ebf73be61a59f015e404a36e8d06f7b7e"
            ],
            "index": "pypi",
            "version": "==1.15.2"
        },
        "tensorflow-estimator": {
            "hashes": [
                "sha256:8853bfb7c3c96fbdc80b3d66c37a10af6ccbcd235dc87474764270c02a0f86b9"
            ],
            "version": "==1.15.1"
        },
        "termcolor": {
            "hashes": [
                "sha256:1d6d69ce66211143803fbc56652b41d73b4a400a2891d7bf7a1cdf4c02de613b"
            ],
            "version": "==1.1.0"
        },
        "werkzeug": {
            "hashes": [
                "sha256:1e0dedc2acb1f46827daa2e399c1485c8fa17c0d8e70b6b875b4e7f54bf408d2",
                "sha256:b353856d37dec59d6511359f97f6a4b2468442e454bd1c98298ddce53cac1f04"
            ],
            "version": "==0.16.1"
        },
        "wheel": {
            "hashes": [
                "sha256:48e082fac9a549bb30abcb71360db41e9e999f63bfc9933fdb7339ba7205330f",
                "sha256:664b9c5033ee7cd5aa6b355bc8a4a5915eadb7612e7b0acab1aa71f005457107"
            ],
            "markers": "python_version >= '3'",
            "version": "==0.34.1"
        },
        "wrapt": {
            "hashes": [
                "sha256:565a021fd19419476b9362b05eeaa094178de64f8361e44468f9e9d7843901e1"
            ],
            "version": "==1.11.2"
        }
    },
    "develop": {
        "alabaster": {
            "hashes": [
                "sha256:446438bdcca0e05bd45ea2de1668c1d9b032e1a9154c2c259092d77031ddd359",
                "sha256:a661d72d58e6ea8a57f7a86e37d86716863ee5e92788398526d58b26a4e4dc02"
            ],
            "version": "==0.7.12"
        },
        "apipkg": {
            "hashes": [
                "sha256:37228cda29411948b422fae072f57e31d3396d2ee1c9783775980ee9c9990af6",
                "sha256:58587dd4dc3daefad0487f6d9ae32b4542b185e1c36db6993290e7c41ca2b47c"
            ],
            "version": "==1.5"
        },
        "atomicwrites": {
            "hashes": [
                "sha256:03472c30eb2c5d1ba9227e4c2ca66ab8287fbfbbda3888aa93dc2e28fc6811b4",
                "sha256:75a9445bac02d8d058d5e1fe689654ba5a6556a1dfd8ce6ec55a0ed79866cfa6"
            ],
            "version": "==1.3.0"
        },
        "attrs": {
            "hashes": [
                "sha256:08a96c641c3a74e44eb59afb61a24f2cb9f4d7188748e76ba4bb5edfa3cb7d1c",
                "sha256:f7b7ce16570fe9965acd6d30101a28f62fb4a7f9e926b3bbc9b61f8b04247e72"
            ],
            "version": "==19.3.0"
        },
        "babel": {
            "hashes": [
                "sha256:1aac2ae2d0d8ea368fa90906567f5c08463d98ade155c0c4bfedd6a0f7160e38",
                "sha256:d670ea0b10f8b723672d3a6abeb87b565b244da220d76b4dba1b66269ec152d4"
            ],
            "version": "==2.8.0"
        },
        "certifi": {
            "hashes": [
                "sha256:017c25db2a153ce562900032d5bc68e9f191e44e9a0f762f373977de9df1fbb3",
                "sha256:25b64c7da4cd7479594d035c08c2d809eb4aab3a26e5a990ea98cc450c320f1f"
            ],
            "version": "==2019.11.28"
        },
        "chardet": {
            "hashes": [
                "sha256:84ab92ed1c4d4f16916e05906b6b75a6c0fb5db821cc65e70cbd64a3e2a5eaae",
                "sha256:fc323ffcaeaed0e0a02bf4d117757b98aed530d9ed4531e3e15460124c106691"
            ],
            "version": "==3.0.4"
        },
        "codecov": {
            "hashes": [
                "sha256:8ed8b7c6791010d359baed66f84f061bba5bd41174bf324c31311e8737602788",
                "sha256:ae00d68e18d8a20e9c3288ba3875ae03db3a8e892115bf9b83ef20507732bed4"
            ],
            "index": "pypi",
            "version": "==2.0.15"
        },
        "coverage": {
            "hashes": [
                "sha256:15cf13a6896048d6d947bf7d222f36e4809ab926894beb748fc9caa14605d9c3",
                "sha256:1daa3eceed220f9fdb80d5ff950dd95112cd27f70d004c7918ca6dfc6c47054c",
                "sha256:1e44a022500d944d42f94df76727ba3fc0a5c0b672c358b61067abb88caee7a0",
                "sha256:25dbf1110d70bab68a74b4b9d74f30e99b177cde3388e07cc7272f2168bd1477",
                "sha256:3230d1003eec018ad4a472d254991e34241e0bbd513e97a29727c7c2f637bd2a",
                "sha256:3dbb72eaeea5763676a1a1efd9b427a048c97c39ed92e13336e726117d0b72bf",
                "sha256:5012d3b8d5a500834783689a5d2292fe06ec75dc86ee1ccdad04b6f5bf231691",
                "sha256:51bc7710b13a2ae0c726f69756cf7ffd4362f4ac36546e243136187cfcc8aa73",
                "sha256:527b4f316e6bf7755082a783726da20671a0cc388b786a64417780b90565b987",
                "sha256:722e4557c8039aad9592c6a4213db75da08c2cd9945320220634f637251c3894",
                "sha256:76e2057e8ffba5472fd28a3a010431fd9e928885ff480cb278877c6e9943cc2e",
                "sha256:77afca04240c40450c331fa796b3eab6f1e15c5ecf8bf2b8bee9706cd5452fef",
                "sha256:7afad9835e7a651d3551eab18cbc0fdb888f0a6136169fbef0662d9cdc9987cf",
                "sha256:9bea19ac2f08672636350f203db89382121c9c2ade85d945953ef3c8cf9d2a68",
                "sha256:a8b8ac7876bc3598e43e2603f772d2353d9931709345ad6c1149009fd1bc81b8",
                "sha256:b0840b45187699affd4c6588286d429cd79a99d509fe3de0f209594669bb0954",
                "sha256:b26aaf69713e5674efbde4d728fb7124e429c9466aeaf5f4a7e9e699b12c9fe2",
                "sha256:b63dd43f455ba878e5e9f80ba4f748c0a2156dde6e0e6e690310e24d6e8caf40",
                "sha256:be18f4ae5a9e46edae3f329de2191747966a34a3d93046dbdf897319923923bc",
                "sha256:c312e57847db2526bc92b9bfa78266bfbaabac3fdcd751df4d062cd4c23e46dc",
                "sha256:c60097190fe9dc2b329a0eb03393e2e0829156a589bd732e70794c0dd804258e",
                "sha256:c62a2143e1313944bf4a5ab34fd3b4be15367a02e9478b0ce800cb510e3bbb9d",
                "sha256:cc1109f54a14d940b8512ee9f1c3975c181bbb200306c6d8b87d93376538782f",
                "sha256:cd60f507c125ac0ad83f05803063bed27e50fa903b9c2cfee3f8a6867ca600fc",
                "sha256:d513cc3db248e566e07a0da99c230aca3556d9b09ed02f420664e2da97eac301",
                "sha256:d649dc0bcace6fcdb446ae02b98798a856593b19b637c1b9af8edadf2b150bea",
                "sha256:d7008a6796095a79544f4da1ee49418901961c97ca9e9d44904205ff7d6aa8cb",
                "sha256:da93027835164b8223e8e5af2cf902a4c80ed93cb0909417234f4a9df3bcd9af",
                "sha256:e69215621707119c6baf99bda014a45b999d37602cb7043d943c76a59b05bf52",
                "sha256:ea9525e0fef2de9208250d6c5aeeee0138921057cd67fcef90fbed49c4d62d37",
                "sha256:fca1669d464f0c9831fd10be2eef6b86f5ebd76c724d1e0706ebdff86bb4adf0"
            ],
            "version": "==5.0.3"
        },
        "detox": {
            "hashes": [
                "sha256:cb24895a0e4f95c0bcb1087a201c453600e075568af00848e91518fb2b984568",
                "sha256:f3119bca4444f1e8a1d7189b064c52cfdd9a89ad3a1c921d78b49bf7f5dc5b1b"
            ],
            "index": "pypi",
            "version": "==0.12"
        },
        "dnspython": {
            "hashes": [
                "sha256:36c5e8e38d4369a08b6780b7f27d790a292b2b08eea01607865bf0936c558e01",
                "sha256:f69c21288a962f4da86e56c4905b49d11aba7938d3d740e80d9e366ee4f1632d"
            ],
            "version": "==1.16.0"
        },
        "docutils": {
            "hashes": [
                "sha256:0c5b78adfbf7762415433f5515cd5c9e762339e23369dbe8000d84a4bf4ab3af",
                "sha256:c2de3a60e9e7d07be26b7f2b00ca0309c207e06c100f9cc2a94931fc75a478fc"
            ],
            "version": "==0.16"
        },
        "eventlet": {
            "hashes": [
                "sha256:658b1cd80937adc1a4860de2841e0528f64e2ca672885c4e00fc0e2217bde6b1",
                "sha256:6c9c625af48424c4680d89314dbe45a76cc990cf002489f9469ff214b044ffc1"
            ],
            "version": "==0.25.1"
        },
        "execnet": {
            "hashes": [
                "sha256:cacb9df31c9680ec5f95553976c4da484d407e85e41c83cb812aa014f0eddc50",
                "sha256:d4efd397930c46415f62f8a31388d6be4f27a91d7550eb79bc64a756e0056547"
            ],
            "version": "==1.7.1"
        },
        "flake8": {
            "hashes": [
                "sha256:7253265f7abd8b313e3892944044a365e3f4ac3fcdcfb4298f55ee9ddf188ba0",
                "sha256:c7841163e2b576d435799169b78703ad6ac1bbb0f199994fc05f700b2a90ea37"
            ],
            "index": "pypi",
            "version": "==3.5.0"
        },
        "greenlet": {
            "hashes": [
                "sha256:000546ad01e6389e98626c1367be58efa613fa82a1be98b0c6fc24b563acc6d0",
                "sha256:0d48200bc50cbf498716712129eef819b1729339e34c3ae71656964dac907c28",
                "sha256:23d12eacffa9d0f290c0fe0c4e81ba6d5f3a5b7ac3c30a5eaf0126bf4deda5c8",
                "sha256:37c9ba82bd82eb6a23c2e5acc03055c0e45697253b2393c9a50cef76a3985304",
                "sha256:51503524dd6f152ab4ad1fbd168fc6c30b5795e8c70be4410a64940b3abb55c0",
                "sha256:8041e2de00e745c0e05a502d6e6db310db7faa7c979b3a5877123548a4c0b214",
                "sha256:81fcd96a275209ef117e9ec91f75c731fa18dcfd9ffaa1c0adbdaa3616a86043",
                "sha256:853da4f9563d982e4121fed8c92eea1a4594a2299037b3034c3c898cb8e933d6",
                "sha256:8b4572c334593d449113f9dc8d19b93b7b271bdbe90ba7509eb178923327b625",
                "sha256:9416443e219356e3c31f1f918a91badf2e37acf297e2fa13d24d1cc2380f8fbc",
                "sha256:9854f612e1b59ec66804931df5add3b2d5ef0067748ea29dc60f0efdcda9a638",
                "sha256:99a26afdb82ea83a265137a398f570402aa1f2b5dfb4ac3300c026931817b163",
                "sha256:a19bf883b3384957e4a4a13e6bd1ae3d85ae87f4beb5957e35b0be287f12f4e4",
                "sha256:a9f145660588187ff835c55a7d2ddf6abfc570c2651c276d3d4be8a2766db490",
                "sha256:ac57fcdcfb0b73bb3203b58a14501abb7e5ff9ea5e2edfa06bb03035f0cff248",
                "sha256:bcb530089ff24f6458a81ac3fa699e8c00194208a724b644ecc68422e1111939",
                "sha256:beeabe25c3b704f7d56b573f7d2ff88fc99f0138e43480cecdfcaa3b87fe4f87",
                "sha256:d634a7ea1fc3380ff96f9e44d8d22f38418c1c381d5fac680b272d7d90883720",
                "sha256:d97b0661e1aead761f0ded3b769044bb00ed5d33e1ec865e891a8b128bf7c656"
            ],
            "version": "==0.4.15"
        },
        "grpcio": {
            "hashes": [
                "sha256:0feade5de967be3c9ee041662d1347fc537ad05ccbcf05bcf1efa05072bef926",
                "sha256:1ae02a9787cf2c5f25add0806f6271283b6074ab8619077d2b5c9037950c890b",
                "sha256:2d7215dca11ba4aa49cc6c05b37e4b0a0f99727c8604e8ccd5ef1f6e06332200",
                "sha256:35a4f6ffae88ce6a461e503ae91b62dc5c96013cafc717f2d7139686b5c39969",
                "sha256:3be7635b4308e06449b2275a5e96a030bbf82ba6797ae8947f14667491924d81",
                "sha256:3d1b3e7042a41b167334f718842f13deb80287886c9160efe31252602b13a128",
                "sha256:468d4ce007cb859d5f9440cf4a7461cc172fd07d690300f4db88afaa78f01003",
                "sha256:59a2fb52d286a38b9cbc7434eb473026fde0b20c223a10a99f5c3d4e395c2c2b",
                "sha256:59c7670c902acce952ba709d9126cda87a45d7fed6bd568868e74171e4acd7f7",
                "sha256:5b03fd3941c5e1a5deb01026bae025d319b38d3facb3e5fc491bca73e908d69e",
                "sha256:65842e698776f4e49f62346c0f80fc31b34907e0df4247650c643113ef167122",
                "sha256:68dbe71f890475e2824afbc5dc72714d1fca668bc15df0954bda4a8a5a53d0c7",
                "sha256:868973b64b7e2464e5297cc660da588c542c175e85f6d2f7490d86c0dd5dbb4c",
                "sha256:86f0c2062fde76789f7cdbf67d4ede116e7e1ceaf4c327fff7b9d17eb5852403",
                "sha256:9444863aaba55b662719e22680f11134182604619f241cc607020e5b3786f4cd",
                "sha256:9ac704e25d271af62c1ea72f1cb42ec7938f26f00314a8f324999ac5e1bf55eb",
                "sha256:a02ef0354fb455a9ce2ad869a40f28f20a64147d46557c59b7269a15832c36d2",
                "sha256:aabcdc960633231f9575252c061b480fc56a1ff6dcc7999fa5d4968f574d894f",
                "sha256:b47a19a3be2f9608b4296bd16374c9a922d3206cf0a917792801a5cef5a2fa23",
                "sha256:bf7bfe162057e6f1e3f4613b2a5f1157c8e286bddeaa40f7b8ce5054cb4b1413",
                "sha256:c3cf3f431b41c39aa1501458d0e46086e699836536af873fe028dda1dfc6bcbd",
                "sha256:cc7bd47eca988831d58a618908c825204d6ee8e90cdb9854a09b52a3b76ac168",
                "sha256:cde83440fb4691d1bd8620ea919a9bd3199e6725e72d2c0d94898a2774c255ee",
                "sha256:e1a03666852b956f7949c2a7f187dd54406cae2874c2ce26c1a0dafddf812cb2",
                "sha256:e322eb5dc533cfbf21a9e964ebab80da391a26234a82288bfce505058913dfac",
                "sha256:f0169d98670ef1db52e4f6930fd470c34731948350cabbe93087a8462b1f1da4",
                "sha256:f14faadfd09aa8526536cd2149e274563f45b767fca1736ccc53803a6af3f90e"
            ],
            "index": "pypi",
            "version": "==1.12.1"
        },
        "grpcio-tools": {
            "hashes": [
                "sha256:04c7ef1e26c48ee5481aa8a223cfdfe806355940786640b48004b4774d497b12",
                "sha256:08a2a50ed371a810b3d748562af46ad9c7d52bf69d0efec02cf5b7bac0f60a45",
                "sha256:108cbdc538187762ba104605176d0ad00fd434d8a844e856ccb55554843fd4b2",
                "sha256:39f5a138dfd0ec9ae593c1da099cf489431e337e200e9aaa1748352f06947eeb",
                "sha256:3afbbcdaffca42b46e244f28a44d7682c1af8c3e3bced38058f65dbaba4056db",
                "sha256:4f24978cb492a1351fbaba849eb4c77041f5a92886766cd1a7e8100e598acfe7",
                "sha256:52edf7d43092a0916205bf5a66b34196959856fb62d8ad3c4594e1c9637481b1",
                "sha256:5bd52f2741ddedbb5eb75c60032c7e47f0e2fa7079ca19dfb88a2c650b27367f",
                "sha256:5dbf70d561dcc3bc5f64a35211c3e4de2ea0f2142889c3ed1adb8aa83d72f581",
                "sha256:5ef3c19f9a9543a964aa95814e7213942a296633d41b8c3100ff53a984f3aec1",
                "sha256:75cc5bbfc3980e5504b0e1832d16b08fa2d8ff712ecd38372096251f24cb75b6",
                "sha256:7629e9537c7cf9e88b584e3a31b29f9e96190d4af16f53ce58083bce5e7271bc",
                "sha256:866c878f36e1f80b71caec274516a28f8be68d6ea1d1c92a829c31bf6805edb3",
                "sha256:8f28e48200ed633139ed8928f4b5b8e91563f9e1b55f143e22f1a9ce85cb6656",
                "sha256:8fba985279ebf6c2d5f0a52bfa39811d827f885321617746891ce2c13b6500c4",
                "sha256:9daf0691918ab041fad7abc6e8b30555f81cb7caf410739f005c6f4424ab736f",
                "sha256:9ee743c69490b695ac000e541fcb592babb42816341f906b6942d91c89024f71",
                "sha256:a4577a27b8c11ca75655b8a18f50b19997c6686fd719e351a22ee4b6b8cca67f",
                "sha256:a4be2d2fce3828d20c0b89ae6d189cf7eda64daaf4b3e7fb6c403f16d4f3ecf3",
                "sha256:a5bef139ebc5f61211cb82ea9b64b131899c7c83be051194c0c15009edf51199",
                "sha256:aebf24b933e06140b9b445db9886e8d96c4ecc1513c9bd0b636ead0eb706d8f1",
                "sha256:d418b2d91b73138781e81b867028f0592d8e506956ac5c5b285449c23e4d93c8",
                "sha256:d606ca49efe7714724be4115e80cd3fd1386baa5737604b332b271a4f67acebe",
                "sha256:e332eb7caa6f4c66f7e85b5b80d5714e2c2639012b62697ffd5014644a82f192",
                "sha256:eda2ee71f9d100fd0d26c924f961f93f9873d6e3a459eb1c8d1cfd6e6a02fcea",
                "sha256:fd38b7b22e4b1f3c511a54cf2a85dec2ec312fa166bb2289a4d92534ed972a10",
                "sha256:ffbc238059a84c9460bd28fe3e869ffdd8f16017cc3579ea6b7123f34cd9ec79"
            ],
            "index": "pypi",
            "version": "==1.12.1"
        },
        "idna": {
            "hashes": [
                "sha256:c357b3f628cf53ae2c4c05627ecc484553142ca23264e593d327bcde5e9c3407",
                "sha256:ea8b7f6188e6fa117537c3df7da9fc686d485087abf6ac197f9c46432f7e4a3c"
            ],
            "version": "==2.8"
        },
        "imagesize": {
            "hashes": [
                "sha256:6965f19a6a2039c7d48bca7dba2473069ff854c36ae6f19d2cde309d998228a1",
                "sha256:b1f6b5a4eab1f73479a50fb79fcf729514a900c341d8503d62a62dbc4127a2b1"
            ],
            "version": "==1.2.0"
        },
        "jinja2": {
            "hashes": [
                "sha256:6e7a3c2934694d59ad334c93dd1b6c96699cf24c53fdb8ec848ac6b23e685734",
                "sha256:d6609ae5ec3d56212ca7d802eda654eaf2310000816ce815361041465b108be4"
            ],
            "version": "==2.11.0"
        },
        "markupsafe": {
            "hashes": [
                "sha256:00bc623926325b26bb9605ae9eae8a215691f33cae5df11ca5424f06f2d1f473",
                "sha256:09027a7803a62ca78792ad89403b1b7a73a01c8cb65909cd876f7fcebd79b161",
                "sha256:09c4b7f37d6c648cb13f9230d847adf22f8171b1ccc4d5682398e77f40309235",
                "sha256:1027c282dad077d0bae18be6794e6b6b8c91d58ed8a8d89a89d59693b9131db5",
                "sha256:13d3144e1e340870b25e7b10b98d779608c02016d5184cfb9927a9f10c689f42",
                "sha256:24982cc2533820871eba85ba648cd53d8623687ff11cbb805be4ff7b4c971aff",
                "sha256:29872e92839765e546828bb7754a68c418d927cd064fd4708fab9fe9c8bb116b",
                "sha256:43a55c2930bbc139570ac2452adf3d70cdbb3cfe5912c71cdce1c2c6bbd9c5d1",
                "sha256:46c99d2de99945ec5cb54f23c8cd5689f6d7177305ebff350a58ce5f8de1669e",
                "sha256:500d4957e52ddc3351cabf489e79c91c17f6e0899158447047588650b5e69183",
                "sha256:535f6fc4d397c1563d08b88e485c3496cf5784e927af890fb3c3aac7f933ec66",
                "sha256:596510de112c685489095da617b5bcbbac7dd6384aeebeda4df6025d0256a81b",
                "sha256:62fe6c95e3ec8a7fad637b7f3d372c15ec1caa01ab47926cfdf7a75b40e0eac1",
                "sha256:6788b695d50a51edb699cb55e35487e430fa21f1ed838122d722e0ff0ac5ba15",
                "sha256:6dd73240d2af64df90aa7c4e7481e23825ea70af4b4922f8ede5b9e35f78a3b1",
                "sha256:717ba8fe3ae9cc0006d7c451f0bb265ee07739daf76355d06366154ee68d221e",
                "sha256:79855e1c5b8da654cf486b830bd42c06e8780cea587384cf6545b7d9ac013a0b",
                "sha256:7c1699dfe0cf8ff607dbdcc1e9b9af1755371f92a68f706051cc8c37d447c905",
                "sha256:88e5fcfb52ee7b911e8bb6d6aa2fd21fbecc674eadd44118a9cc3863f938e735",
                "sha256:8defac2f2ccd6805ebf65f5eeb132adcf2ab57aa11fdf4c0dd5169a004710e7d",
                "sha256:98c7086708b163d425c67c7a91bad6e466bb99d797aa64f965e9d25c12111a5e",
                "sha256:9add70b36c5666a2ed02b43b335fe19002ee5235efd4b8a89bfcf9005bebac0d",
                "sha256:9bf40443012702a1d2070043cb6291650a0841ece432556f784f004937f0f32c",
                "sha256:ade5e387d2ad0d7ebf59146cc00c8044acbd863725f887353a10df825fc8ae21",
                "sha256:b00c1de48212e4cc9603895652c5c410df699856a2853135b3967591e4beebc2",
                "sha256:b1282f8c00509d99fef04d8ba936b156d419be841854fe901d8ae224c59f0be5",
                "sha256:b2051432115498d3562c084a49bba65d97cf251f5a331c64a12ee7e04dacc51b",
                "sha256:ba59edeaa2fc6114428f1637ffff42da1e311e29382d81b339c1817d37ec93c6",
                "sha256:c8716a48d94b06bb3b2524c2b77e055fb313aeb4ea620c8dd03a105574ba704f",
                "sha256:cd5df75523866410809ca100dc9681e301e3c27567cf498077e8551b6d20e42f",
                "sha256:cdb132fc825c38e1aeec2c8aa9338310d29d337bebbd7baa06889d09a60a1fa2",
                "sha256:e249096428b3ae81b08327a63a485ad0878de3fb939049038579ac0ef61e17e7",
                "sha256:e8313f01ba26fbbe36c7be1966a7b7424942f670f38e666995b88d012765b9be"
            ],
            "version": "==1.1.1"
        },
        "mccabe": {
            "hashes": [
                "sha256:ab8a6258860da4b6677da4bd2fe5dc2c659cff31b3ee4f7f5d64e79735b80d42",
                "sha256:dd8d182285a0fe56bace7f45b5e7d1a6ebcbf524e8f3bd87eb0f125271b8831f"
            ],
            "version": "==0.6.1"
        },
        "monotonic": {
            "hashes": [
                "sha256:23953d55076df038541e648a53676fb24980f7a1be290cdda21300b3bc21dfb0",
                "sha256:552a91f381532e33cbd07c6a2655a21908088962bb8fa7239ecbcc6ad1140cc7"
            ],
            "version": "==1.5"
        },
        "more-itertools": {
            "hashes": [
                "sha256:1a2a32c72400d365000412fe08eb4a24ebee89997c18d3d147544f70f5403b39",
                "sha256:c468adec578380b6281a114cb8a5db34eb1116277da92d7c46f904f0b52d3288"
            ],
            "version": "==8.1.0"
        },
        "packaging": {
            "hashes": [
                "sha256:170748228214b70b672c581a3dd610ee51f733018650740e98c7df862a583f73",
                "sha256:e665345f9eef0c621aa0bf2f8d78cf6d21904eef16a93f020240b704a57f1334"
            ],
            "version": "==20.1"
        },
        "pluggy": {
            "hashes": [
                "sha256:7f8ae7f5bdf75671a718d2daf0a64b7885f74510bcd98b1a0bb420eb9a9d0cff",
                "sha256:d345c8fe681115900d6da8d048ba67c25df42973bda370783cd58826442dcd7c",
                "sha256:e160a7fcf25762bb60efc7e171d4497ff1d8d2d75a3d0df7a21b76821ecbf5c5"
            ],
            "version": "==0.6.0"
        },
        "protobuf": {
            "hashes": [
                "sha256:0329e86a397db2a83f9dcbe21d9be55a47f963cdabc893c3a24f4d3a8f117c37",
                "sha256:0a7219254afec0d488211f3d482d8ed57e80ae735394e584a98d8f30a8c88a36",
                "sha256:14d6ac53df9cb5bb87c4f91b677c1bc5cec9c0fd44327f367a3c9562de2877c4",
                "sha256:180fc364b42907a1d2afa183ccbeffafe659378c236b1ec3daca524950bb918d",
                "sha256:3d7a7d8d20b4e7a8f63f62de2d192cfd8b7a53c56caba7ece95367ca2b80c574",
                "sha256:3f509f7e50d806a434fe4a5fbf602516002a0f092889209fff7db82060efffc0",
                "sha256:4571da974019849201fc1ec6626b9cea54bd11b6bed140f8f737c0a33ea37de5",
                "sha256:56bd1d84fbf4505c7b73f04de987eef5682e5752c811141b0186a3809bfb396f",
                "sha256:680c668d00b5eff08b86aef9e5ba9a705e621ea05d39071cfea8e28cb2400946",
                "sha256:6b5b947dc8b3f2aec0eaad65b0b5113fcd642c358c31357c647da6281ee31104",
                "sha256:6e96dffaf4d0a9a329e528b353ba62fd9ef13599688723d96bc9c165d0b6871e",
                "sha256:919f0d6f6addc836d08658eba3b52be2e92fd3e76da3ce00c325d8e9826d17c7",
                "sha256:9c7b19c30cf0644afd0e4218b13f637ce54382fdcb1c8f75bf3e84e49a5f6d0a",
                "sha256:a2e6f57114933882ec701807f217df2fb4588d47f71f227c0a163446b930d507",
                "sha256:a6b970a2eccfcbabe1acf230fbf112face1c4700036c95e195f3554d7bcb04c1",
                "sha256:bc45641cbcdea068b67438244c926f9fd3e5cbdd824448a4a64370610df7c593",
                "sha256:d61b14a9090da77fe87e38ba4c6c43d3533dcbeb5d84f5474e7ac63c532dcc9c",
                "sha256:d6faf5dbefb593e127463f58076b62fcfe0784187be8fe1aa9167388f24a22a1"
            ],
            "version": "==3.11.2"
        },
        "py": {
            "hashes": [
                "sha256:5e27081401262157467ad6e7f851b7aa402c5852dbcb3dae06768434de5752aa",
                "sha256:c20fdd83a5dbc0af9efd622bee9a5564e278f6380fffcacc43ba6f43db2813b0"
            ],
            "version": "==1.8.1"
        },
        "pycodestyle": {
            "hashes": [
                "sha256:682256a5b318149ca0d2a9185d365d8864a768a28db66a84a2ea946bcc426766",
                "sha256:6c4245ade1edfad79c3446fadfc96b0de2759662dc29d07d80a6f27ad1ca6ba9"
            ],
            "version": "==2.3.1"
        },
        "pyflakes": {
            "hashes": [
                "sha256:08bd6a50edf8cffa9fa09a463063c425ecaaf10d1eb0335a7e8b1401aef89e6f",
                "sha256:8d616a382f243dbf19b54743f280b80198be0bca3a5396f1d2e1fca6223e8805"
            ],
            "version": "==1.6.0"
        },
        "pygments": {
            "hashes": [
                "sha256:2a3fe295e54a20164a9df49c75fa58526d3be48e14aceba6d6b1e8ac0bfd6f1b",
                "sha256:98c8aa5a9f778fcd1026a17361ddaf7330d1b7c62ae97c3bb0ae73e0b9b6b0fe"
            ],
            "version": "==2.5.2"
        },
        "pyparsing": {
            "hashes": [
                "sha256:4c830582a84fb022400b85429791bc551f1f4871c33f23e44f353119e92f969f",
                "sha256:c342dccb5250c08d45fd6f8b4a559613ca603b57498511740e65cd11a2e7dcec"
            ],
            "version": "==2.4.6"
        },
        "pytest": {
            "hashes": [
                "sha256:8ea01fc4fcc8e1b1e305252b4bc80a1528019ab99fd3b88666c9dc38d754406c",
                "sha256:90898786b3d0b880b47645bae7b51aa9bbf1e9d1e4510c2cfd15dd65c70ea0cd"
            ],
            "index": "pypi",
            "version": "==3.6.2"
        },
        "pytest-asyncio": {
            "hashes": [
                "sha256:286b50773e996c80d894b95afaf45df6952408a67a59979ca9839f94693ec7fd",
                "sha256:f32804bb58a66e13a3eda11f8942a71b1b6a30466b0d2ffe9214787aab0e172e"
            ],
            "index": "pypi",
            "version": "==0.8.0"
        },
        "pytest-cov": {
            "hashes": [
                "sha256:03aa752cf11db41d281ea1d807d954c4eda35cfa1b21d6971966cc041bbf6e2d",
                "sha256:890fe5565400902b0c78b5357004aab1c814115894f4f21370e2433256a3eeec"
            ],
            "index": "pypi",
            "version": "==2.5.1"
        },
        "pytest-forked": {
            "hashes": [
                "sha256:1805699ed9c9e60cb7a8179b8d4fa2b8898098e82d229b0825d8095f0f261100",
                "sha256:1ae25dba8ee2e56fb47311c9638f9e58552691da87e82d25b0ce0e4bf52b7d87"
            ],
            "version": "==1.1.3"
        },
        "pytest-xdist": {
            "hashes": [
                "sha256:be2662264b035920ba740ed6efb1c816a83c8a22253df7766d129f6a7bfdbd35",
                "sha256:e8f5744acc270b3e7d915bdb4d5f471670f049b6fbd163d4cbd52203b075d30f"
            ],
            "index": "pypi",
            "version": "==1.22.2"
        },
        "pytz": {
            "hashes": [
                "sha256:1c557d7d0e871de1f5ccd5833f60fb2550652da6be2693c1e02300743d21500d",
                "sha256:b02c06db6cf09c12dd25137e563b31700d3b80fcc4ad23abb7a315f2789819be"
            ],
            "version": "==2019.3"
        },
        "requests": {
            "hashes": [
                "sha256:11e007a8a2aa0323f5a921e9e6a2d7e4e67d9877e85773fba9ba6419025cbeb4",
                "sha256:9cf5292fcd0f598c671cfc1e0d7d1a7f13bb8085e9a590f48c010551dc6c4b31"
            ],
            "version": "==2.22.0"
        },
        "six": {
            "hashes": [
                "sha256:236bdbdce46e6e6a3d61a337c0f8b763ca1e8717c03b369e87a7ec7ce1319c0a",
                "sha256:8f3cd2e254d8f793e7f3d6d9df77b92252b52637291d0f0da013c76ea2724b6c"
            ],
            "version": "==1.14.0"
        },
        "snowballstemmer": {
            "hashes": [
                "sha256:209f257d7533fdb3cb73bdbd24f436239ca3b2fa67d56f6ff88e86be08cc5ef0",
                "sha256:df3bac3df4c2c01363f3dd2cfa78cce2840a79b9f1c2d2de9ce8d31683992f52"
            ],
            "version": "==2.0.0"
        },
        "sphinx": {
            "hashes": [
                "sha256:85f7e32c8ef07f4ba5aeca728e0f7717bef0789fba8458b8d9c5c294cad134f3",
                "sha256:d45480a229edf70d84ca9fae3784162b1bc75ee47e480ffe04a4b7f21a95d76d"
            ],
            "index": "pypi",
            "version": "==1.7.5"
        },
        "sphinxcontrib-websupport": {
            "hashes": [
                "sha256:1501befb0fdf1d1c29a800fdbf4ef5dc5369377300ddbdd16d2cd40e54c6eefc",
                "sha256:e02f717baf02d0b6c3dd62cf81232ffca4c9d5c331e03766982e3ff9f1d2bc3f"
            ],
            "version": "==1.1.2"
        },
        "tox": {
            "hashes": [
                "sha256:96efa09710a3daeeb845561ebbe1497641d9cef2ee0aea30db6969058b2bda2f",
                "sha256:9ee7de958a43806402a38c0d2aa07fa8553f4d2c20a15b140e9f771c2afeade0"
            ],
            "index": "pypi",
            "version": "==3.0.0"
        },
        "urllib3": {
            "hashes": [
                "sha256:2f3db8b19923a873b3e5256dc9c2dedfa883e33d87c690d9c7913e1f40673cdc",
                "sha256:87716c2d2a7121198ebcb7ce7cccf6ce5e9ba539041cfbaeecfb641dc0bf6acc"
            ],
            "version": "==1.25.8"
        },
        "virtualenv": {
            "hashes": [
                "sha256:0d62c70883c0342d59c11d0ddac0d954d0431321a41ab20851facf2b222598f3",
                "sha256:55059a7a676e4e19498f1aad09b8313a38fcc0cdbe4fdddc0e9b06946d21b4bb"
            ],
            "version": "==16.7.9"
        }
    }
}
